// !$*UTF8*$!
{
	archiveVersion = 1;
	classes = {
	};
	objectVersion = 46;
	objects = {

/* Begin PBXBuildFile section */
		2707644F1CC60EEA0005E783 /* main.m in Sources */ = {isa = PBXBuildFile; fileRef = 2707644E1CC60EEA0005E783 /* main.m */; };
		270764521CC60EEA0005E783 /* AppDelegate.m in Sources */ = {isa = PBXBuildFile; fileRef = 270764511CC60EEA0005E783 /* AppDelegate.m */; };
		270764551CC60EEA0005E783 /* ViewController.m in Sources */ = {isa = PBXBuildFile; fileRef = 270764541CC60EEA0005E783 /* ViewController.m */; };
		2707645A1CC60EEA0005E783 /* Assets.xcassets in Resources */ = {isa = PBXBuildFile; fileRef = 270764591CC60EEA0005E783 /* Assets.xcassets */; };
		2707645D1CC60EEA0005E783 /* LaunchScreen.storyboard in Resources */ = {isa = PBXBuildFile; fileRef = 2707645B1CC60EEA0005E783 /* LaunchScreen.storyboard */; };
		270764681CC60EEA0005E783 /* ZYXMobileBankingTests.m in Sources */ = {isa = PBXBuildFile; fileRef = 270764671CC60EEA0005E783 /* ZYXMobileBankingTests.m */; };
		270764731CC60EEA0005E783 /* ZYXMobileBankingUITests.m in Sources */ = {isa = PBXBuildFile; fileRef = 270764721CC60EEA0005E783 /* ZYXMobileBankingUITests.m */; };
		270DCE471CC67A1600A19930 /* Utils.m in Sources */ = {isa = PBXBuildFile; fileRef = 270DCE461CC67A1600A19930 /* Utils.m */; };
		270DCE491CC69D3400A19930 /* Security.framework in Frameworks */ = {isa = PBXBuildFile; fileRef = 270DCE481CC69D3400A19930 /* Security.framework */; };
		270DCE4C1CC69F2000A19930 /* ZYXCertificateAuthenticateOperation.m in Sources */ = {isa = PBXBuildFile; fileRef = 270DCE4B1CC69F2000A19930 /* ZYXCertificateAuthenticateOperation.m */; };
		27201C661CCA0A0500E4D131 /* NSData+Encryption.m in Sources */ = {isa = PBXBuildFile; fileRef = 27201C611CCA0A0500E4D131 /* NSData+Encryption.m */; };
		27201C671CCA0A0500E4D131 /* NSString+Encryption.m in Sources */ = {isa = PBXBuildFile; fileRef = 27201C631CCA0A0500E4D131 /* NSString+Encryption.m */; };
		27201C681CCA0A0500E4D131 /* NSString+Hashing.m in Sources */ = {isa = PBXBuildFile; fileRef = 27201C651CCA0A0500E4D131 /* NSString+Hashing.m */; };
		274C6BB51CC6126800665C0D /* ZYXModel.m in Sources */ = {isa = PBXBuildFile; fileRef = 274C6BB41CC6126800665C0D /* ZYXModel.m */; };
		274C6BB81CC6167A00665C0D /* ZYXBaseOperation.m in Sources */ = {isa = PBXBuildFile; fileRef = 274C6BB71CC6167A00665C0D /* ZYXBaseOperation.m */; };
		274C6BBB1CC61DD000665C0D /* ZYXAuthenticateOperation.m in Sources */ = {isa = PBXBuildFile; fileRef = 274C6BBA1CC61DD000665C0D /* ZYXAuthenticateOperation.m */; };
		274C6BBF1CC6292F00665C0D /* ZYXDashboardViewController.m in Sources */ = {isa = PBXBuildFile; fileRef = 274C6BBE1CC6292F00665C0D /* ZYXDashboardViewController.m */; };
		274C6BC21CC6294A00665C0D /* ZYXNormalViewController.m in Sources */ = {isa = PBXBuildFile; fileRef = 274C6BC11CC6294A00665C0D /* ZYXNormalViewController.m */; };
		275282231CC64FF50009A417 /* ZYXRegisterViewController.m in Sources */ = {isa = PBXBuildFile; fileRef = 275282221CC64FF50009A417 /* ZYXRegisterViewController.m */; };
		275282271CC654370009A417 /* NSData+Base64.m in Sources */ = {isa = PBXBuildFile; fileRef = 275282261CC654370009A417 /* NSData+Base64.m */; };
/* End PBXBuildFile section */

/* Begin PBXContainerItemProxy section */
		270764641CC60EEA0005E783 /* PBXContainerItemProxy */ = {
			isa = PBXContainerItemProxy;
			containerPortal = 270764421CC60EEA0005E783 /* Project object */;
			proxyType = 1;
			remoteGlobalIDString = 270764491CC60EEA0005E783;
			remoteInfo = ZYXMobileBanking;
		};
		2707646F1CC60EEA0005E783 /* PBXContainerItemProxy */ = {
			isa = PBXContainerItemProxy;
			containerPortal = 270764421CC60EEA0005E783 /* Project object */;
			proxyType = 1;
			remoteGlobalIDString = 270764491CC60EEA0005E783;
			remoteInfo = ZYXMobileBanking;
		};
/* End PBXContainerItemProxy section */

/* Begin PBXFileReference section */
		2707644A1CC60EEA0005E783 /* ZYXMobileBanking.app */ = {isa = PBXFileReference; explicitFileType = wrapper.application; includeInIndex = 0; path = ZYXMobileBanking.app; sourceTree = BUILT_PRODUCTS_DIR; };
		2707644E1CC60EEA0005E783 /* main.m */ = {isa = PBXFileReference; lastKnownFileType = sourcecode.c.objc; path = main.m; sourceTree = "<group>"; };
		270764501CC60EEA0005E783 /* AppDelegate.h */ = {isa = PBXFileReference; lastKnownFileType = sourcecode.c.h; path = AppDelegate.h; sourceTree = "<group>"; };
		270764511CC60EEA0005E783 /* AppDelegate.m */ = {isa = PBXFileReference; lastKnownFileType = sourcecode.c.objc; path = AppDelegate.m; sourceTree = "<group>"; };
		270764531CC60EEA0005E783 /* ViewController.h */ = {isa = PBXFileReference; lastKnownFileType = sourcecode.c.h; path = ViewController.h; sourceTree = "<group>"; };
		270764541CC60EEA0005E783 /* ViewController.m */ = {isa = PBXFileReference; lastKnownFileType = sourcecode.c.objc; path = ViewController.m; sourceTree = "<group>"; };
		270764591CC60EEA0005E783 /* Assets.xcassets */ = {isa = PBXFileReference; lastKnownFileType = folder.assetcatalog; path = Assets.xcassets; sourceTree = "<group>"; };
		2707645C1CC60EEA0005E783 /* Base */ = {isa = PBXFileReference; lastKnownFileType = file.storyboard; name = Base; path = Base.lproj/LaunchScreen.storyboard; sourceTree = "<group>"; };
		2707645E1CC60EEA0005E783 /* Info.plist */ = {isa = PBXFileReference; lastKnownFileType = text.plist.xml; path = Info.plist; sourceTree = "<group>"; };
		270764631CC60EEA0005E783 /* ZYXMobileBankingTests.xctest */ = {isa = PBXFileReference; explicitFileType = wrapper.cfbundle; includeInIndex = 0; path = ZYXMobileBankingTests.xctest; sourceTree = BUILT_PRODUCTS_DIR; };
		270764671CC60EEA0005E783 /* ZYXMobileBankingTests.m */ = {isa = PBXFileReference; lastKnownFileType = sourcecode.c.objc; path = ZYXMobileBankingTests.m; sourceTree = "<group>"; };
		270764691CC60EEA0005E783 /* Info.plist */ = {isa = PBXFileReference; lastKnownFileType = text.plist.xml; path = Info.plist; sourceTree = "<group>"; };
		2707646E1CC60EEA0005E783 /* ZYXMobileBankingUITests.xctest */ = {isa = PBXFileReference; explicitFileType = wrapper.cfbundle; includeInIndex = 0; path = ZYXMobileBankingUITests.xctest; sourceTree = BUILT_PRODUCTS_DIR; };
		270764721CC60EEA0005E783 /* ZYXMobileBankingUITests.m */ = {isa = PBXFileReference; lastKnownFileType = sourcecode.c.objc; path = ZYXMobileBankingUITests.m; sourceTree = "<group>"; };
		270764741CC60EEA0005E783 /* Info.plist */ = {isa = PBXFileReference; lastKnownFileType = text.plist.xml; path = Info.plist; sourceTree = "<group>"; };
		270764871CC60FE60005E783 /* Constants.h */ = {isa = PBXFileReference; lastKnownFileType = sourcecode.c.h; path = Constants.h; sourceTree = "<group>"; };
		270DCE451CC67A1600A19930 /* Utils.h */ = {isa = PBXFileReference; fileEncoding = 4; lastKnownFileType = sourcecode.c.h; path = Utils.h; sourceTree = "<group>"; };
		270DCE461CC67A1600A19930 /* Utils.m */ = {isa = PBXFileReference; fileEncoding = 4; lastKnownFileType = sourcecode.c.objc; path = Utils.m; sourceTree = "<group>"; };
		270DCE481CC69D3400A19930 /* Security.framework */ = {isa = PBXFileReference; lastKnownFileType = wrapper.framework; name = Security.framework; path = System/Library/Frameworks/Security.framework; sourceTree = SDKROOT; };
		270DCE4A1CC69F2000A19930 /* ZYXCertificateAuthenticateOperation.h */ = {isa = PBXFileReference; fileEncoding = 4; lastKnownFileType = sourcecode.c.h; path = ZYXCertificateAuthenticateOperation.h; sourceTree = "<group>"; };
		270DCE4B1CC69F2000A19930 /* ZYXCertificateAuthenticateOperation.m */ = {isa = PBXFileReference; fileEncoding = 4; lastKnownFileType = sourcecode.c.objc; path = ZYXCertificateAuthenticateOperation.m; sourceTree = "<group>"; };
		27201C601CCA0A0500E4D131 /* NSData+Encryption.h */ = {isa = PBXFileReference; fileEncoding = 4; lastKnownFileType = sourcecode.c.h; path = "NSData+Encryption.h"; sourceTree = "<group>"; };
		27201C611CCA0A0500E4D131 /* NSData+Encryption.m */ = {isa = PBXFileReference; fileEncoding = 4; lastKnownFileType = sourcecode.c.objc; path = "NSData+Encryption.m"; sourceTree = "<group>"; };
		27201C621CCA0A0500E4D131 /* NSString+Encryption.h */ = {isa = PBXFileReference; fileEncoding = 4; lastKnownFileType = sourcecode.c.h; path = "NSString+Encryption.h"; sourceTree = "<group>"; };
		27201C631CCA0A0500E4D131 /* NSString+Encryption.m */ = {isa = PBXFileReference; fileEncoding = 4; lastKnownFileType = sourcecode.c.objc; path = "NSString+Encryption.m"; sourceTree = "<group>"; };
		27201C641CCA0A0500E4D131 /* NSString+Hashing.h */ = {isa = PBXFileReference; fileEncoding = 4; lastKnownFileType = sourcecode.c.h; path = "NSString+Hashing.h"; sourceTree = "<group>"; };
		27201C651CCA0A0500E4D131 /* NSString+Hashing.m */ = {isa = PBXFileReference; fileEncoding = 4; lastKnownFileType = sourcecode.c.objc; path = "NSString+Hashing.m"; sourceTree = "<group>"; };
		274C6BB31CC6126800665C0D /* ZYXModel.h */ = {isa = PBXFileReference; fileEncoding = 4; lastKnownFileType = sourcecode.c.h; path = ZYXModel.h; sourceTree = "<group>"; };
		274C6BB41CC6126800665C0D /* ZYXModel.m */ = {isa = PBXFileReference; fileEncoding = 4; lastKnownFileType = sourcecode.c.objc; path = ZYXModel.m; sourceTree = "<group>"; };
		274C6BB61CC6167A00665C0D /* ZYXBaseOperation.h */ = {isa = PBXFileReference; fileEncoding = 4; lastKnownFileType = sourcecode.c.h; path = ZYXBaseOperation.h; sourceTree = "<group>"; };
		274C6BB71CC6167A00665C0D /* ZYXBaseOperation.m */ = {isa = PBXFileReference; fileEncoding = 4; lastKnownFileType = sourcecode.c.objc; path = ZYXBaseOperation.m; sourceTree = "<group>"; };
		274C6BB91CC61DD000665C0D /* ZYXAuthenticateOperation.h */ = {isa = PBXFileReference; fileEncoding = 4; lastKnownFileType = sourcecode.c.h; path = ZYXAuthenticateOperation.h; sourceTree = "<group>"; };
		274C6BBA1CC61DD000665C0D /* ZYXAuthenticateOperation.m */ = {isa = PBXFileReference; fileEncoding = 4; lastKnownFileType = sourcecode.c.objc; path = ZYXAuthenticateOperation.m; sourceTree = "<group>"; };
		274C6BBD1CC6292F00665C0D /* ZYXDashboardViewController.h */ = {isa = PBXFileReference; fileEncoding = 4; lastKnownFileType = sourcecode.c.h; path = ZYXDashboardViewController.h; sourceTree = "<group>"; };
		274C6BBE1CC6292F00665C0D /* ZYXDashboardViewController.m */ = {isa = PBXFileReference; fileEncoding = 4; lastKnownFileType = sourcecode.c.objc; path = ZYXDashboardViewController.m; sourceTree = "<group>"; };
		274C6BC01CC6294A00665C0D /* ZYXNormalViewController.h */ = {isa = PBXFileReference; fileEncoding = 4; lastKnownFileType = sourcecode.c.h; path = ZYXNormalViewController.h; sourceTree = "<group>"; };
		274C6BC11CC6294A00665C0D /* ZYXNormalViewController.m */ = {isa = PBXFileReference; fileEncoding = 4; lastKnownFileType = sourcecode.c.objc; path = ZYXNormalViewController.m; sourceTree = "<group>"; };
		275282211CC64FF50009A417 /* ZYXRegisterViewController.h */ = {isa = PBXFileReference; fileEncoding = 4; lastKnownFileType = sourcecode.c.h; path = ZYXRegisterViewController.h; sourceTree = "<group>"; };
		275282221CC64FF50009A417 /* ZYXRegisterViewController.m */ = {isa = PBXFileReference; fileEncoding = 4; lastKnownFileType = sourcecode.c.objc; path = ZYXRegisterViewController.m; sourceTree = "<group>"; };
		275282251CC654370009A417 /* NSData+Base64.h */ = {isa = PBXFileReference; fileEncoding = 4; lastKnownFileType = sourcecode.c.h; path = "NSData+Base64.h"; sourceTree = "<group>"; };
		275282261CC654370009A417 /* NSData+Base64.m */ = {isa = PBXFileReference; fileEncoding = 4; lastKnownFileType = sourcecode.c.objc; path = "NSData+Base64.m"; sourceTree = "<group>"; };
/* End PBXFileReference section */

/* Begin PBXFrameworksBuildPhase section */
		270764471CC60EEA0005E783 /* Frameworks */ = {
			isa = PBXFrameworksBuildPhase;
			buildActionMask = 2147483647;
			files = (
				270DCE491CC69D3400A19930 /* Security.framework in Frameworks */,
			);
			runOnlyForDeploymentPostprocessing = 0;
		};
		270764601CC60EEA0005E783 /* Frameworks */ = {
			isa = PBXFrameworksBuildPhase;
			buildActionMask = 2147483647;
			files = (
			);
			runOnlyForDeploymentPostprocessing = 0;
		};
		2707646B1CC60EEA0005E783 /* Frameworks */ = {
			isa = PBXFrameworksBuildPhase;
			buildActionMask = 2147483647;
			files = (
			);
			runOnlyForDeploymentPostprocessing = 0;
		};
/* End PBXFrameworksBuildPhase section */

/* Begin PBXGroup section */
		270764411CC60EEA0005E783 = {
			isa = PBXGroup;
			children = (
				270DCE481CC69D3400A19930 /* Security.framework */,
				2707644C1CC60EEA0005E783 /* ZYXMobileBanking */,
				270764661CC60EEA0005E783 /* ZYXMobileBankingTests */,
				270764711CC60EEA0005E783 /* ZYXMobileBankingUITests */,
				2707644B1CC60EEA0005E783 /* Products */,
			);
			sourceTree = "<group>";
		};
		2707644B1CC60EEA0005E783 /* Products */ = {
			isa = PBXGroup;
			children = (
				2707644A1CC60EEA0005E783 /* ZYXMobileBanking.app */,
				270764631CC60EEA0005E783 /* ZYXMobileBankingTests.xctest */,
				2707646E1CC60EEA0005E783 /* ZYXMobileBankingUITests.xctest */,
			);
			name = Products;
			sourceTree = "<group>";
		};
		2707644C1CC60EEA0005E783 /* ZYXMobileBanking */ = {
			isa = PBXGroup;
			children = (
				270764501CC60EEA0005E783 /* AppDelegate.h */,
				270764511CC60EEA0005E783 /* AppDelegate.m */,
				270764531CC60EEA0005E783 /* ViewController.h */,
				270764541CC60EEA0005E783 /* ViewController.m */,
				270764591CC60EEA0005E783 /* Assets.xcassets */,
				2707645B1CC60EEA0005E783 /* LaunchScreen.storyboard */,
				2707645E1CC60EEA0005E783 /* Info.plist */,
				274C6BBC1CC6291400665C0D /* UI */,
				270764801CC60EFA0005E783 /* Model */,
				270DCE441CC67A0400A19930 /* Utils */,
				2707644D1CC60EEA0005E783 /* Supporting Files */,
			);
			path = ZYXMobileBanking;
			sourceTree = "<group>";
		};
		2707644D1CC60EEA0005E783 /* Supporting Files */ = {
			isa = PBXGroup;
			children = (
				2707644E1CC60EEA0005E783 /* main.m */,
			);
			name = "Supporting Files";
			sourceTree = "<group>";
		};
		270764661CC60EEA0005E783 /* ZYXMobileBankingTests */ = {
			isa = PBXGroup;
			children = (
				270764671CC60EEA0005E783 /* ZYXMobileBankingTests.m */,
				270764691CC60EEA0005E783 /* Info.plist */,
			);
			path = ZYXMobileBankingTests;
			sourceTree = "<group>";
		};
		270764711CC60EEA0005E783 /* ZYXMobileBankingUITests */ = {
			isa = PBXGroup;
			children = (
				270764721CC60EEA0005E783 /* ZYXMobileBankingUITests.m */,
				270764741CC60EEA0005E783 /* Info.plist */,
			);
			path = ZYXMobileBankingUITests;
			sourceTree = "<group>";
		};
		270764801CC60EFA0005E783 /* Model */ = {
			isa = PBXGroup;
			children = (
				275282241CC654030009A417 /* Categories */,
				270764821CC60F180005E783 /* Public */,
				270764831CC60F230005E783 /* Classes */,
				270764811CC60F000005E783 /* Operations */,
			);
			name = Model;
			sourceTree = "<group>";
		};
		270764811CC60F000005E783 /* Operations */ = {
			isa = PBXGroup;
			children = (
				274C6BB61CC6167A00665C0D /* ZYXBaseOperation.h */,
				274C6BB71CC6167A00665C0D /* ZYXBaseOperation.m */,
				274C6BB91CC61DD000665C0D /* ZYXAuthenticateOperation.h */,
				274C6BBA1CC61DD000665C0D /* ZYXAuthenticateOperation.m */,
				270DCE4A1CC69F2000A19930 /* ZYXCertificateAuthenticateOperation.h */,
				270DCE4B1CC69F2000A19930 /* ZYXCertificateAuthenticateOperation.m */,
			);
			name = Operations;
			sourceTree = "<group>";
		};
		270764821CC60F180005E783 /* Public */ = {
			isa = PBXGroup;
			children = (
				270764871CC60FE60005E783 /* Constants.h */,
				274C6BB31CC6126800665C0D /* ZYXModel.h */,
			);
			name = Public;
			sourceTree = "<group>";
		};
		270764831CC60F230005E783 /* Classes */ = {
			isa = PBXGroup;
			children = (
				274C6BB41CC6126800665C0D /* ZYXModel.m */,
			);
			name = Classes;
			sourceTree = "<group>";
		};
		270DCE441CC67A0400A19930 /* Utils */ = {
			isa = PBXGroup;
			children = (
				270DCE451CC67A1600A19930 /* Utils.h */,
				270DCE461CC67A1600A19930 /* Utils.m */,
			);
			name = Utils;
			sourceTree = "<group>";
		};
		274C6BBC1CC6291400665C0D /* UI */ = {
			isa = PBXGroup;
			children = (
				274C6BBD1CC6292F00665C0D /* ZYXDashboardViewController.h */,
				274C6BBE1CC6292F00665C0D /* ZYXDashboardViewController.m */,
				274C6BC01CC6294A00665C0D /* ZYXNormalViewController.h */,
				274C6BC11CC6294A00665C0D /* ZYXNormalViewController.m */,
				275282211CC64FF50009A417 /* ZYXRegisterViewController.h */,
				275282221CC64FF50009A417 /* ZYXRegisterViewController.m */,
			);
			name = UI;
			sourceTree = "<group>";
		};
		275282241CC654030009A417 /* Categories */ = {
			isa = PBXGroup;
			children = (
				27201C601CCA0A0500E4D131 /* NSData+Encryption.h */,
				27201C611CCA0A0500E4D131 /* NSData+Encryption.m */,
				27201C621CCA0A0500E4D131 /* NSString+Encryption.h */,
				27201C631CCA0A0500E4D131 /* NSString+Encryption.m */,
				27201C641CCA0A0500E4D131 /* NSString+Hashing.h */,
				27201C651CCA0A0500E4D131 /* NSString+Hashing.m */,
				275282251CC654370009A417 /* NSData+Base64.h */,
				275282261CC654370009A417 /* NSData+Base64.m */,
			);
			name = Categories;
			sourceTree = "<group>";
		};
/* End PBXGroup section */

/* Begin PBXNativeTarget section */
		270764491CC60EEA0005E783 /* ZYXMobileBanking */ = {
			isa = PBXNativeTarget;
			buildConfigurationList = 270764771CC60EEA0005E783 /* Build configuration list for PBXNativeTarget "ZYXMobileBanking" */;
			buildPhases = (
				270764461CC60EEA0005E783 /* Sources */,
				270764471CC60EEA0005E783 /* Frameworks */,
				270764481CC60EEA0005E783 /* Resources */,
			);
			buildRules = (
			);
			dependencies = (
			);
			name = ZYXMobileBanking;
			productName = ZYXMobileBanking;
			productReference = 2707644A1CC60EEA0005E783 /* ZYXMobileBanking.app */;
			productType = "com.apple.product-type.application";
		};
		270764621CC60EEA0005E783 /* ZYXMobileBankingTests */ = {
			isa = PBXNativeTarget;
			buildConfigurationList = 2707647A1CC60EEA0005E783 /* Build configuration list for PBXNativeTarget "ZYXMobileBankingTests" */;
			buildPhases = (
				2707645F1CC60EEA0005E783 /* Sources */,
				270764601CC60EEA0005E783 /* Frameworks */,
				270764611CC60EEA0005E783 /* Resources */,
			);
			buildRules = (
			);
			dependencies = (
				270764651CC60EEA0005E783 /* PBXTargetDependency */,
			);
			name = ZYXMobileBankingTests;
			productName = ZYXMobileBankingTests;
			productReference = 270764631CC60EEA0005E783 /* ZYXMobileBankingTests.xctest */;
			productType = "com.apple.product-type.bundle.unit-test";
		};
		2707646D1CC60EEA0005E783 /* ZYXMobileBankingUITests */ = {
			isa = PBXNativeTarget;
			buildConfigurationList = 2707647D1CC60EEA0005E783 /* Build configuration list for PBXNativeTarget "ZYXMobileBankingUITests" */;
			buildPhases = (
				2707646A1CC60EEA0005E783 /* Sources */,
				2707646B1CC60EEA0005E783 /* Frameworks */,
				2707646C1CC60EEA0005E783 /* Resources */,
			);
			buildRules = (
			);
			dependencies = (
				270764701CC60EEA0005E783 /* PBXTargetDependency */,
			);
			name = ZYXMobileBankingUITests;
			productName = ZYXMobileBankingUITests;
			productReference = 2707646E1CC60EEA0005E783 /* ZYXMobileBankingUITests.xctest */;
			productType = "com.apple.product-type.bundle.ui-testing";
		};
/* End PBXNativeTarget section */

/* Begin PBXProject section */
		270764421CC60EEA0005E783 /* Project object */ = {
			isa = PBXProject;
			attributes = {
				LastUpgradeCheck = 0730;
				ORGANIZATIONNAME = "卓酉鑫";
				TargetAttributes = {
					270764491CC60EEA0005E783 = {
						CreatedOnToolsVersion = 7.3;
						DevelopmentTeam = 863XF2ER6H;
					};
					270764621CC60EEA0005E783 = {
						CreatedOnToolsVersion = 7.3;
						DevelopmentTeam = 863XF2ER6H;
						TestTargetID = 270764491CC60EEA0005E783;
					};
					2707646D1CC60EEA0005E783 = {
						CreatedOnToolsVersion = 7.3;
						DevelopmentTeam = 863XF2ER6H;
						TestTargetID = 270764491CC60EEA0005E783;
					};
				};
			};
			buildConfigurationList = 270764451CC60EEA0005E783 /* Build configuration list for PBXProject "ZYXMobileBanking" */;
			compatibilityVersion = "Xcode 3.2";
			developmentRegion = English;
			hasScannedForEncodings = 0;
			knownRegions = (
				en,
				Base,
			);
			mainGroup = 270764411CC60EEA0005E783;
			productRefGroup = 2707644B1CC60EEA0005E783 /* Products */;
			projectDirPath = "";
			projectRoot = "";
			targets = (
				270764491CC60EEA0005E783 /* ZYXMobileBanking */,
				270764621CC60EEA0005E783 /* ZYXMobileBankingTests */,
				2707646D1CC60EEA0005E783 /* ZYXMobileBankingUITests */,
			);
		};
/* End PBXProject section */

/* Begin PBXResourcesBuildPhase section */
		270764481CC60EEA0005E783 /* Resources */ = {
			isa = PBXResourcesBuildPhase;
			buildActionMask = 2147483647;
			files = (
				2707645D1CC60EEA0005E783 /* LaunchScreen.storyboard in Resources */,
				2707645A1CC60EEA0005E783 /* Assets.xcassets in Resources */,
			);
			runOnlyForDeploymentPostprocessing = 0;
		};
		270764611CC60EEA0005E783 /* Resources */ = {
			isa = PBXResourcesBuildPhase;
			buildActionMask = 2147483647;
			files = (
			);
			runOnlyForDeploymentPostprocessing = 0;
		};
		2707646C1CC60EEA0005E783 /* Resources */ = {
			isa = PBXResourcesBuildPhase;
			buildActionMask = 2147483647;
			files = (
			);
			runOnlyForDeploymentPostprocessing = 0;
		};
/* End PBXResourcesBuildPhase section */

/* Begin PBXSourcesBuildPhase section */
		270764461CC60EEA0005E783 /* Sources */ = {
			isa = PBXSourcesBuildPhase;
			buildActionMask = 2147483647;
			files = (
				274C6BBB1CC61DD000665C0D /* ZYXAuthenticateOperation.m in Sources */,
				270DCE471CC67A1600A19930 /* Utils.m in Sources */,
				270DCE4C1CC69F2000A19930 /* ZYXCertificateAuthenticateOperation.m in Sources */,
				270764551CC60EEA0005E783 /* ViewController.m in Sources */,
				274C6BB51CC6126800665C0D /* ZYXModel.m in Sources */,
				274C6BB81CC6167A00665C0D /* ZYXBaseOperation.m in Sources */,
				270764521CC60EEA0005E783 /* AppDelegate.m in Sources */,
				275282231CC64FF50009A417 /* ZYXRegisterViewController.m in Sources */,
				27201C671CCA0A0500E4D131 /* NSString+Encryption.m in Sources */,
				27201C681CCA0A0500E4D131 /* NSString+Hashing.m in Sources */,
				2707644F1CC60EEA0005E783 /* main.m in Sources */,
				27201C661CCA0A0500E4D131 /* NSData+Encryption.m in Sources */,
				275282271CC654370009A417 /* NSData+Base64.m in Sources */,
				274C6BBF1CC6292F00665C0D /* ZYXDashboardViewController.m in Sources */,
				274C6BC21CC6294A00665C0D /* ZYXNormalViewController.m in Sources */,
			);
			runOnlyForDeploymentPostprocessing = 0;
		};
		2707645F1CC60EEA0005E783 /* Sources */ = {
			isa = PBXSourcesBuildPhase;
			buildActionMask = 2147483647;
			files = (
				270764681CC60EEA0005E783 /* ZYXMobileBankingTests.m in Sources */,
			);
			runOnlyForDeploymentPostprocessing = 0;
		};
		2707646A1CC60EEA0005E783 /* Sources */ = {
			isa = PBXSourcesBuildPhase;
			buildActionMask = 2147483647;
			files = (
				270764731CC60EEA0005E783 /* ZYXMobileBankingUITests.m in Sources */,
			);
			runOnlyForDeploymentPostprocessing = 0;
		};
/* End PBXSourcesBuildPhase section */

/* Begin PBXTargetDependency section */
		270764651CC60EEA0005E783 /* PBXTargetDependency */ = {
			isa = PBXTargetDependency;
			target = 270764491CC60EEA0005E783 /* ZYXMobileBanking */;
			targetProxy = 270764641CC60EEA0005E783 /* PBXContainerItemProxy */;
		};
		270764701CC60EEA0005E783 /* PBXTargetDependency */ = {
			isa = PBXTargetDependency;
			target = 270764491CC60EEA0005E783 /* ZYXMobileBanking */;
			targetProxy = 2707646F1CC60EEA0005E783 /* PBXContainerItemProxy */;
		};
/* End PBXTargetDependency section */

/* Begin PBXVariantGroup section */
		2707645B1CC60EEA0005E783 /* LaunchScreen.storyboard */ = {
			isa = PBXVariantGroup;
			children = (
				2707645C1CC60EEA0005E783 /* Base */,
			);
			name = LaunchScreen.storyboard;
			sourceTree = "<group>";
		};
/* End PBXVariantGroup section */

/* Begin XCBuildConfiguration section */
		270764751CC60EEA0005E783 /* Debug */ = {
			isa = XCBuildConfiguration;
			buildSettings = {
				ALWAYS_SEARCH_USER_PATHS = NO;
				CLANG_ANALYZER_NONNULL = YES;
				CLANG_CXX_LANGUAGE_STANDARD = "gnu++0x";
				CLANG_CXX_LIBRARY = "libc++";
				CLANG_ENABLE_MODULES = YES;
				CLANG_ENABLE_OBJC_ARC = YES;
				CLANG_WARN_BOOL_CONVERSION = YES;
				CLANG_WARN_CONSTANT_CONVERSION = YES;
				CLANG_WARN_DIRECT_OBJC_ISA_USAGE = YES_ERROR;
				CLANG_WARN_EMPTY_BODY = YES;
				CLANG_WARN_ENUM_CONVERSION = YES;
				CLANG_WARN_INT_CONVERSION = YES;
				CLANG_WARN_OBJC_ROOT_CLASS = YES_ERROR;
				CLANG_WARN_UNREACHABLE_CODE = YES;
				CLANG_WARN__DUPLICATE_METHOD_MATCH = YES;
				"CODE_SIGN_IDENTITY[sdk=iphoneos*]" = "iPhone Developer";
				COPY_PHASE_STRIP = NO;
				DEBUG_INFORMATION_FORMAT = dwarf;
				ENABLE_STRICT_OBJC_MSGSEND = YES;
				ENABLE_TESTABILITY = YES;
				GCC_C_LANGUAGE_STANDARD = gnu99;
				GCC_DYNAMIC_NO_PIC = NO;
				GCC_NO_COMMON_BLOCKS = YES;
				GCC_OPTIMIZATION_LEVEL = 0;
				GCC_PREPROCESSOR_DEFINITIONS = (
					"DEBUG=1",
					"$(inherited)",
				);
				GCC_WARN_64_TO_32_BIT_CONVERSION = YES;
				GCC_WARN_ABOUT_RETURN_TYPE = YES_ERROR;
				GCC_WARN_UNDECLARED_SELECTOR = YES;
				GCC_WARN_UNINITIALIZED_AUTOS = YES_AGGRESSIVE;
				GCC_WARN_UNUSED_FUNCTION = YES;
				GCC_WARN_UNUSED_VARIABLE = YES;
				IPHONEOS_DEPLOYMENT_TARGET = 9.3;
				MTL_ENABLE_DEBUG_INFO = YES;
				ONLY_ACTIVE_ARCH = YES;
				SDKROOT = iphoneos;
				TARGETED_DEVICE_FAMILY = "1,2";
			};
			name = Debug;
		};
		270764761CC60EEA0005E783 /* Release */ = {
			isa = XCBuildConfiguration;
			buildSettings = {
				ALWAYS_SEARCH_USER_PATHS = NO;
				CLANG_ANALYZER_NONNULL = YES;
				CLANG_CXX_LANGUAGE_STANDARD = "gnu++0x";
				CLANG_CXX_LIBRARY = "libc++";
				CLANG_ENABLE_MODULES = YES;
				CLANG_ENABLE_OBJC_ARC = YES;
				CLANG_WARN_BOOL_CONVERSION = YES;
				CLANG_WARN_CONSTANT_CONVERSION = YES;
				CLANG_WARN_DIRECT_OBJC_ISA_USAGE = YES_ERROR;
				CLANG_WARN_EMPTY_BODY = YES;
				CLANG_WARN_ENUM_CONVERSION = YES;
				CLANG_WARN_INT_CONVERSION = YES;
				CLANG_WARN_OBJC_ROOT_CLASS = YES_ERROR;
				CLANG_WARN_UNREACHABLE_CODE = YES;
				CLANG_WARN__DUPLICATE_METHOD_MATCH = YES;
				"CODE_SIGN_IDENTITY[sdk=iphoneos*]" = "iPhone Developer";
				COPY_PHASE_STRIP = NO;
				DEBUG_INFORMATION_FORMAT = "dwarf-with-dsym";
				ENABLE_NS_ASSERTIONS = NO;
				ENABLE_STRICT_OBJC_MSGSEND = YES;
				GCC_C_LANGUAGE_STANDARD = gnu99;
				GCC_NO_COMMON_BLOCKS = YES;
				GCC_WARN_64_TO_32_BIT_CONVERSION = YES;
				GCC_WARN_ABOUT_RETURN_TYPE = YES_ERROR;
				GCC_WARN_UNDECLARED_SELECTOR = YES;
				GCC_WARN_UNINITIALIZED_AUTOS = YES_AGGRESSIVE;
				GCC_WARN_UNUSED_FUNCTION = YES;
				GCC_WARN_UNUSED_VARIABLE = YES;
				IPHONEOS_DEPLOYMENT_TARGET = 9.3;
				MTL_ENABLE_DEBUG_INFO = NO;
				SDKROOT = iphoneos;
				TARGETED_DEVICE_FAMILY = "1,2";
				VALIDATE_PRODUCT = YES;
			};
			name = Release;
		};
		270764781CC60EEA0005E783 /* Debug */ = {
			isa = XCBuildConfiguration;
			buildSettings = {
				ASSETCATALOG_COMPILER_APPICON_NAME = AppIcon;
				INFOPLIST_FILE = ZYXMobileBanking/Info.plist;
				IPHONEOS_DEPLOYMENT_TARGET = 7.0;
				LD_RUNPATH_SEARCH_PATHS = "$(inherited) @executable_path/Frameworks";
				PRODUCT_BUNDLE_IDENTIFIER = com.amzgame.ZYXMobileBanking;
				PRODUCT_NAME = "$(TARGET_NAME)";
			};
			name = Debug;
		};
		270764791CC60EEA0005E783 /* Release */ = {
			isa = XCBuildConfiguration;
			buildSettings = {
				ASSETCATALOG_COMPILER_APPICON_NAME = AppIcon;
				INFOPLIST_FILE = ZYXMobileBanking/Info.plist;
				IPHONEOS_DEPLOYMENT_TARGET = 7.0;
				LD_RUNPATH_SEARCH_PATHS = "$(inherited) @executable_path/Frameworks";
				PRODUCT_BUNDLE_IDENTIFIER = com.amzgame.ZYXMobileBanking;
				PRODUCT_NAME = "$(TARGET_NAME)";
			};
			name = Release;
		};
		2707647B1CC60EEA0005E783 /* Debug */ = {
			isa = XCBuildConfiguration;
			buildSettings = {
				BUNDLE_LOADER = "$(TEST_HOST)";
				INFOPLIST_FILE = ZYXMobileBankingTests/Info.plist;
				LD_RUNPATH_SEARCH_PATHS = "$(inherited) @executable_path/Frameworks @loader_path/Frameworks";
				PRODUCT_BUNDLE_IDENTIFIER = com.amzgame.ZYXMobileBankingTests;
				PRODUCT_NAME = "$(TARGET_NAME)";
				TEST_HOST = "$(BUILT_PRODUCTS_DIR)/ZYXMobileBanking.app/ZYXMobileBanking";
			};
			name = Debug;
		};
		2707647C1CC60EEA0005E783 /* Release */ = {
			isa = XCBuildConfiguration;
			buildSettings = {
				BUNDLE_LOADER = "$(TEST_HOST)";
				INFOPLIST_FILE = ZYXMobileBankingTests/Info.plist;
				LD_RUNPATH_SEARCH_PATHS = "$(inherited) @executable_path/Frameworks @loader_path/Frameworks";
				PRODUCT_BUNDLE_IDENTIFIER = com.amzgame.ZYXMobileBankingTests;
				PRODUCT_NAME = "$(TARGET_NAME)";
				TEST_HOST = "$(BUILT_PRODUCTS_DIR)/ZYXMobileBanking.app/ZYXMobileBanking";
			};
			name = Release;
		};
		2707647E1CC60EEA0005E783 /* Debug */ = {
			isa = XCBuildConfiguration;
			buildSettings = {
				INFOPLIST_FILE = ZYXMobileBankingUITests/Info.plist;
				LD_RUNPATH_SEARCH_PATHS = "$(inherited) @executable_path/Frameworks @loader_path/Frameworks";
				PRODUCT_BUNDLE_IDENTIFIER = com.amzgame.ZYXMobileBankingUITests;
				PRODUCT_NAME = "$(TARGET_NAME)";
				TEST_TARGET_NAME = ZYXMobileBanking;
			};
			name = Debug;
		};
		2707647F1CC60EEA0005E783 /* Release */ = {
			isa = XCBuildConfiguration;
			buildSettings = {
				INFOPLIST_FILE = ZYXMobileBankingUITests/Info.plist;
				LD_RUNPATH_SEARCH_PATHS = "$(inherited) @executable_path/Frameworks @loader_path/Frameworks";
				PRODUCT_BUNDLE_IDENTIFIER = com.amzgame.ZYXMobileBankingUITests;
				PRODUCT_NAME = "$(TARGET_NAME)";
				TEST_TARGET_NAME = ZYXMobileBanking;
			};
			name = Release;
		};
/* End XCBuildConfiguration section */

/* Begin XCConfigurationList section */
		270764451CC60EEA0005E783 /* Build configuration list for PBXProject "ZYXMobileBanking" */ = {
			isa = XCConfigurationList;
			buildConfigurations = (
				270764751CC60EEA0005E783 /* Debug */,
				270764761CC60EEA0005E783 /* Release */,
			);
			defaultConfigurationIsVisible = 0;
			defaultConfigurationName = Release;
		};
		270764771CC60EEA0005E783 /* Build configuration list for PBXNativeTarget "ZYXMobileBanking" */ = {
			isa = XCConfigurationList;
			buildConfigurations = (
				270764781CC60EEA0005E783 /* Debug */,
				270764791CC60EEA0005E783 /* Release */,
			);
			defaultConfigurationIsVisible = 0;
			defaultConfigurationName = Release;
		};
		2707647A1CC60EEA0005E783 /* Build configuration list for PBXNativeTarget "ZYXMobileBankingTests" */ = {
			isa = XCConfigurationList;
			buildConfigurations = (
				2707647B1CC60EEA0005E783 /* Debug */,
				2707647C1CC60EEA0005E783 /* Release */,
			);
			defaultConfigurationIsVisible = 0;
			defaultConfigurationName = Release;
		};
		2707647D1CC60EEA0005E783 /* Build configuration list for PBXNativeTarget "ZYXMobileBankingUITests" */ = {
			isa = XCConfigurationList;
			buildConfigurations = (
				2707647E1CC60EEA0005E783 /* Debug */,
				2707647F1CC60EEA0005E783 /* Release */,
			);
			defaultConfigurationIsVisible = 0;
			defaultConfigurationName = Release;
		};
/* End XCConfigurationList section */
	};
	rootObject = 270764421CC60EEA0005E783 /* Project object */;
}
